
Microsoft Visual Studio Solution File, Format Version 12.00
# Visual Studio 15
VisualStudioVersion = 15.0.28307.757
MinimumVisualStudioVersion = 10.0.40219.1
Project("{9A19103F-16F7-4668-BE54-9A1E7A4F7556}") = "Calendify.API", "Calendify.API\Calendify.API.csproj", "{C36E65E6-80F1-4F4F-92B1-5E185AD854C0}"
EndProject
Project("{9A19103F-16F7-4668-BE54-9A1E7A4F7556}") = "Calendify.Domain", "Calendify.Domain\Calendify.Domain.csproj", "{0CE99944-7874-4846-9F41-1B20BBE97E4F}"
EndProject
Project("{9A19103F-16F7-4668-BE54-9A1E7A4F7556}") = "Calendify.Application", "Calendify.Application\Calendify.Application.csproj", "{4595A62B-B402-4465-951D-7260024415B0}"
EndProject
Project("{9A19103F-16F7-4668-BE54-9A1E7A4F7556}") = "Calendify.Persistence", "Calendify.Persistance\Calendify.Persistence.csproj", "{E2333BFA-86C3-4A78-9AB6-A68FF807CA50}"
EndProject
Project("{9A19103F-16F7-4668-BE54-9A1E7A4F7556}") = "Calendify.Infrastructure", "Calendify.Infrastructure\Calendify.Infrastructure.csproj", "{F5E7C591-3D30-4C76-826E-2B66AD09E0DA}"
EndProject
Project("{FAE04EC0-301F-11D3-BF4B-00C04F79EFBC}") = "Calendify.Ioc", "Calendify.Ioc\Calendify.Ioc.csproj", "{3973EF48-5082-4541-B68E-088A66016491}"
EndProject
Project("{FAE04EC0-301F-11D3-BF4B-00C04F79EFBC}") = "Calendify.Utils", "Calendify.Utils\Calendify.Utils.csproj", "{9F123716-72C9-4031-8FDE-9BD3C4B777BF}"
EndProject
Global
	GlobalSection(SolutionConfigurationPlatforms) = preSolution
		Debug|Any CPU = Debug|Any CPU
		Release|Any CPU = Release|Any CPU
	EndGlobalSection
	GlobalSection(ProjectConfigurationPlatforms) = postSolution
		{C36E65E6-80F1-4F4F-92B1-5E185AD854C0}.Debug|Any CPU.ActiveCfg = Debug|Any CPU
		{C36E65E6-80F1-4F4F-92B1-5E185AD854C0}.Debug|Any CPU.Build.0 = Debug|Any CPU
		{C36E65E6-80F1-4F4F-92B1-5E185AD854C0}.Release|Any CPU.ActiveCfg = Release|Any CPU
		{C36E65E6-80F1-4F4F-92B1-5E185AD854C0}.Release|Any CPU.Build.0 = Release|Any CPU
		{0CE99944-7874-4846-9F41-1B20BBE97E4F}.Debug|Any CPU.ActiveCfg = Debug|Any CPU
		{0CE99944-7874-4846-9F41-1B20BBE97E4F}.Debug|Any CPU.Build.0 = Debug|Any CPU
		{0CE99944-7874-4846-9F41-1B20BBE97E4F}.Release|Any CPU.ActiveCfg = Release|Any CPU
		{0CE99944-7874-4846-9F41-1B20BBE97E4F}.Release|Any CPU.Build.0 = Release|Any CPU
		{4595A62B-B402-4465-951D-7260024415B0}.Debug|Any CPU.ActiveCfg = Debug|Any CPU
		{4595A62B-B402-4465-951D-7260024415B0}.Debug|Any CPU.Build.0 = Debug|Any CPU
		{4595A62B-B402-4465-951D-7260024415B0}.Release|Any CPU.ActiveCfg = Release|Any CPU
		{4595A62B-B402-4465-951D-7260024415B0}.Release|Any CPU.Build.0 = Release|Any CPU
		{E2333BFA-86C3-4A78-9AB6-A68FF807CA50}.Debug|Any CPU.ActiveCfg = Debug|Any CPU
		{E2333BFA-86C3-4A78-9AB6-A68FF807CA50}.Debug|Any CPU.Build.0 = Debug|Any CPU
		{E2333BFA-86C3-4A78-9AB6-A68FF807CA50}.Release|Any CPU.ActiveCfg = Release|Any CPU
		{E2333BFA-86C3-4A78-9AB6-A68FF807CA50}.Release|Any CPU.Build.0 = Release|Any CPU
		{F5E7C591-3D30-4C76-826E-2B66AD09E0DA}.Debug|Any CPU.ActiveCfg = Debug|Any CPU
		{F5E7C591-3D30-4C76-826E-2B66AD09E0DA}.Debug|Any CPU.Build.0 = Debug|Any CPU
		{F5E7C591-3D30-4C76-826E-2B66AD09E0DA}.Release|Any CPU.ActiveCfg = Release|Any CPU
		{F5E7C591-3D30-4C76-826E-2B66AD09E0DA}.Release|Any CPU.Build.0 = Release|Any CPU
		{3973EF48-5082-4541-B68E-088A66016491}.Debug|Any CPU.ActiveCfg = Debug|Any CPU
		{3973EF48-5082-4541-B68E-088A66016491}.Debug|Any CPU.Build.0 = Debug|Any CPU
		{3973EF48-5082-4541-B68E-088A66016491}.Release|Any CPU.ActiveCfg = Release|Any CPU
		{3973EF48-5082-4541-B68E-088A66016491}.Release|Any CPU.Build.0 = Release|Any CPU
		{9F123716-72C9-4031-8FDE-9BD3C4B777BF}.Debug|Any CPU.ActiveCfg = Debug|Any CPU
		{9F123716-72C9-4031-8FDE-9BD3C4B777BF}.Debug|Any CPU.Build.0 = Debug|Any CPU
		{9F123716-72C9-4031-8FDE-9BD3C4B777BF}.Release|Any CPU.ActiveCfg = Release|Any CPU
		{9F123716-72C9-4031-8FDE-9BD3C4B777BF}.Release|Any CPU.Build.0 = Release|Any CPU
	EndGlobalSection
	GlobalSection(SolutionProperties) = preSolution
		HideSolutionNode = FALSE
	EndGlobalSection
	GlobalSection(ExtensibilityGlobals) = postSolution
		SolutionGuid = {30D3ECE1-6300-4C2E-84F9-5D920A84A838}
	EndGlobalSection
EndGlobal
